<?xml version="1.0" encoding="UTF-8" standalone="yes" ?>
<CodeBlocks_project_file>
	<FileVersion major="1" minor="6" />
	<Project>
		<Option title="ServerAgario" />
		<Option pch_mode="2" />
		<Option compiler="gcc" />
		<Option virtualFolders="Pacotes\;Sockets\;" />
		<Build>
			<Target title="Debug">
				<Option output="bin/Debug/ServerAgario" prefix_auto="1" extension_auto="1" />
				<Option object_output="obj/Debug/" />
				<Option type="1" />
				<Option compiler="gcc" />
				<Compiler>
					<Add option="-g" />
				</Compiler>
			</Target>
			<Target title="Release">
				<Option output="bin/Release/ServerAgario" prefix_auto="1" extension_auto="1" />
				<Option object_output="obj/Release/" />
				<Option type="1" />
				<Option compiler="gcc" />
				<Compiler>
					<Add option="-O2" />
				</Compiler>
				<Linker>
					<Add option="-s" />
				</Linker>
			</Target>
		</Build>
		<Compiler>
			<Add option="-Wall" />
			<Add option="-fexceptions" />
		</Compiler>
		<Unit filename="Def.h" />
		<Unit filename="Funcs.cpp" />
		<Unit filename="Login.cpp">
			<Option virtualFolder="Pacotes/" />
		</Unit>
		<Unit filename="Movimentar.cpp">
			<Option virtualFolder="Pacotes/" />
		</Unit>
		<Unit filename="main.cpp" />
		<Unit filename="main.h" />
		<Unit filename="packetControl.cpp">
			<Option virtualFolder="Pacotes/" />
		</Unit>
		<Unit filename="recv.cpp">
			<Option virtualFolder="Sockets/" />
		</Unit>
		<Unit filename="startSocket.cpp">
			<Option virtualFolder="Sockets/" />
		</Unit>
		<Extensions>
			<code_completion />
			<envvars />
			<debugger />
		</Extensions>
	</Project>
</CodeBlocks_project_file>
